// !$*UTF8*$!
{
	archiveVersion = 1;
	classes = {
	};
	objectVersion = 46;
	objects = {

/* Begin PBXBuildFile section */
		53FE9C791EB0F610007D1717 /* AppDelegate.swift in Sources */ = {isa = PBXBuildFile; fileRef = 53FE9C781EB0F610007D1717 /* AppDelegate.swift */; };
		53FE9C7B1EB0F610007D1717 /* ViewController.swift in Sources */ = {isa = PBXBuildFile; fileRef = 53FE9C7A1EB0F610007D1717 /* ViewController.swift */; };
		53FE9C7E1EB0F610007D1717 /* Main.storyboard in Resources */ = {isa = PBXBuildFile; fileRef = 53FE9C7C1EB0F610007D1717 /* Main.storyboard */; };
		53FE9C801EB0F610007D1717 /* Assets.xcassets in Resources */ = {isa = PBXBuildFile; fileRef = 53FE9C7F1EB0F610007D1717 /* Assets.xcassets */; };
		53FE9C831EB0F610007D1717 /* LaunchScreen.storyboard in Resources */ = {isa = PBXBuildFile; fileRef = 53FE9C811EB0F610007D1717 /* LaunchScreen.storyboard */; };
/* End PBXBuildFile section */

/* Begin PBXFileReference section */
		53FE9C751EB0F610007D1717 /* SwipeGestureDemo.app */ = {isa = PBXFileReference; explicitFileType = wrapper.application; includeInIndex = 0; path = SwipeGestureDemo.app; sourceTree = BUILT_PRODUCTS_DIR; };
		53FE9C781EB0F610007D1717 /* AppDelegate.swift */ = {isa = PBXFileReference; lastKnownFileType = sourcecode.swift; path = AppDelegate.swift; sourceTree = "<group>"; };
		53FE9C7A1EB0F610007D1717 /* ViewController.swift */ = {isa = PBXFileReference; lastKnownFileType = sourcecode.swift; path = ViewController.swift; sourceTree = "<group>"; };
		53FE9C7D1EB0F610007D1717 /* Base */ = {isa = PBXFileReference; lastKnownFileType = file.storyboard; name = Base; path = Base.lproj/Main.storyboard; sourceTree = "<group>"; };
		53FE9C7F1EB0F610007D1717 /* Assets.xcassets */ = {isa = PBXFileReference; lastKnownFileType = folder.assetcatalog; path = Assets.xcassets; sourceTree = "<group>"; };
		53FE9C821EB0F610007D1717 /* Base */ = {isa = PBXFileReference; lastKnownFileType = file.storyboard; name = Base; path = Base.lproj/LaunchScreen.storyboard; sourceTree = "<group>"; };
		53FE9C841EB0F610007D1717 /* Info.plist */ = {isa = PBXFileReference; lastKnownFileType = text.plist.xml; path = Info.plist; sourceTree = "<group>"; };
/* End PBXFileReference section */

/* Begin PBXFrameworksBuildPhase section */
		53FE9C721EB0F610007D1717 /* Frameworks */ = {
			isa = PBXFrameworksBuildPhase;
			buildActionMask = 2147483647;
			files = (
			);
			runOnlyForDeploymentPostprocessing = 0;
		};
/* End PBXFrameworksBuildPhase section */

/* Begin PBXGroup section */
		53FE9C6C1EB0F610007D1717 = {
			isa = PBXGroup;
			children = (
				53FE9C771EB0F610007D1717 /* SwipeGestureDemo */,
				53FE9C761EB0F610007D1717 /* Products */,
			);
			sourceTree = "<group>";
		};
		53FE9C761EB0F610007D1717 /* Products */ = {
			isa = PBXGroup;
			children = (
				53FE9C751EB0F610007D1717 /* SwipeGestureDemo.app */,
			);
			name = Products;
			sourceTree = "<group>";
		};
		53FE9C771EB0F610007D1717 /* SwipeGestureDemo */ = {
			isa = PBXGroup;
			children = (
				53FE9C781EB0F610007D1717 /* AppDelegate.swift */,
				53FE9C7A1EB0F610007D1717 /* ViewController.swift */,
				53FE9C7C1EB0F610007D1717 /* Main.storyboard */,
				53FE9C7F1EB0F610007D1717 /* Assets.xcassets */,
				53FE9C811EB0F610007D1717 /* LaunchScreen.storyboard */,
				53FE9C841EB0F610007D1717 /* Info.plist */,
			);
			path = SwipeGestureDemo;
			sourceTree = "<group>";
		};
/* End PBXGroup section */

/* Begin PBXNativeTarget section */
		53FE9C741EB0F610007D1717 /* SwipeGestureDemo */ = {
			isa = PBXNativeTarget;
			buildConfigurationList = 53FE9C871EB0F610007D1717 /* Build configuration list for PBXNativeTarget "SwipeGestureDemo" */;
			buildPhases = (
				53FE9C711EB0F610007D1717 /* Sources */,
				53FE9C721EB0F610007D1717 /* Frameworks */,
				53FE9C731EB0F610007D1717 /* Resources */,
			);
			buildRules = (
			);
			dependencies = (
			);
			name = SwipeGestureDemo;
			productName = SwipeGestureDemo;
			productReference = 53FE9C751EB0F610007D1717 /* SwipeGestureDemo.app */;
			productType = "com.apple.product-type.application";
		};
/* End PBXNativeTarget section */

/* Begin PBXProject section */
		53FE9C6D1EB0F610007D1717 /* Project object */ = {
			isa = PBXProject;
			attributes = {
				LastSwiftUpdateCheck = 0830;
				LastUpgradeCheck = 0830;
				ORGANIZATIONNAME = "Alex Yu";
				TargetAttributes = {
					53FE9C741EB0F610007D1717 = {
						CreatedOnToolsVersion = 8.3.2;
						DevelopmentTeam = ZB75GK22MF;
						ProvisioningStyle = Automatic;
					};
				};
			};
			buildConfigurationList = 53FE9C701EB0F610007D1717 /* Build configuration list for PBXProject "SwipeGestureDemo" */;
			compatibilityVersion = "Xcode 3.2";
			developmentRegion = English;
			hasScannedForEncodings = 0;
			knownRegions = (
				en,
				Base,
			);
			mainGroup = 53FE9C6C1EB0F610007D1717;
			productRefGroup = 53FE9C761EB0F610007D1717 /* Products */;
			projectDirPath = "";
			projectRoot = "";
			targets = (
				53FE9C741EB0F610007D1717 /* SwipeGestureDemo */,
			);
		};
/* End PBXProject section */

/* Begin PBXResourcesBuildPhase section */
		53FE9C731EB0F610007D1717 /* Resources */ = {
			isa = PBXResourcesBuildPhase;
			buildActionMask = 2147483647;
			files = (
				53FE9C831EB0F610007D1717 /* LaunchScreen.storyboard in Resources */,
				53FE9C801EB0F610007D1717 /* Assets.xcassets in Resources */,
				53FE9C7E1EB0F610007D1717 /* Main.storyboard in Resources */,
			);
			runOnlyForDeploymentPostprocessing = 0;
		};
/* End PBXResourcesBuildPhase section */

/* Begin PBXSourcesBuildPhase section */
		53FE9C711EB0F610007D1717 /* Sources */ = {
			isa = PBXSourcesBuildPhase;
			buildActionMask = 2147483647;
			files = (
				53FE9C7B1EB0F610007D1717 /* ViewController.swift in Sources */,
				53FE9C791EB0F610007D1717 /* AppDelegate.swift in Sources */,
			);
			runOnlyForDeploymentPostprocessing = 0;
		};
/* End PBXSourcesBuildPhase section */

/* Begin PBXVariantGroup section */
		53FE9C7C1EB0F610007D1717 /* Main.storyboard */ = {
			isa = PBXVariantGroup;
			children = (
				53FE9C7D1EB0F610007D1717 /* Base */,
			);
			name = Main.storyboard;
			sourceTree = "<group>";
		};
		53FE9C811EB0F610007D1717 /* LaunchScreen.storyboard */ = {
			isa = PBXVariantGroup;
			children = (
				53FE9C821EB0F610007D1717 /* Base */,
			);
			name = LaunchScreen.storyboard;
			sourceTree = "<group>";
		};
/* End PBXVariantGroup section */

/* Begin XCBuildConfiguration section */
		53FE9C851EB0F610007D1717 /* Debug */ = {
			isa = XCBuildConfiguration;
			buildSettings = {
				ALWAYS_SEARCH_USER_PATHS = NO;
				CLANG_ANALYZER_NONNULL = YES;
				CLANG_ANALYZER_NUMBER_OBJECT_CONVERSION = YES_AGGRESSIVE;
				CLANG_CXX_LANGUAGE_STANDARD = "gnu++0x";
				CLANG_CXX_LIBRARY = "libc++";
				CLANG_ENABLE_MODULES = YES;
				CLANG_ENABLE_OBJC_ARC = YES;
				CLANG_WARN_BOOL_CONVERSION = YES;
				CLANG_WARN_CONSTANT_CONVERSION = YES;
				CLANG_WARN_DIRECT_OBJC_ISA_USAGE = YES_ERROR;
				CLANG_WARN_DOCUMENTATION_COMMENTS = YES;
				CLANG_WARN_EMPTY_BODY = YES;
				CLANG_WARN_ENUM_CONVERSION = YES;
				CLANG_WARN_INFINITE_RECURSION = YES;
				CLANG_WARN_INT_CONVERSION = YES;
				CLANG_WARN_OBJC_ROOT_CLASS = YES_ERROR;
				CLANG_WARN_SUSPICIOUS_MOVE = YES;
				CLANG_WARN_UNREACHABLE_CODE = YES;
				CLANG_WARN__DUPLICATE_METHOD_MATCH = YES;
				"CODE_SIGN_IDENTITY[sdk=iphoneos*]" = "iPhone Developer";
				COPY_PHASE_STRIP = NO;
				DEBUG_INFORMATION_FORMAT = dwarf;
				ENABLE_STRICT_OBJC_MSGSEND = YES;
				ENABLE_TESTABILITY = YES;
				GCC_C_LANGUAGE_STANDARD = gnu99;
				GCC_DYNAMIC_NO_PIC = NO;
				GCC_NO_COMMON_BLOCKS = YES;
				GCC_OPTIMIZATION_LEVEL = 0;
				GCC_PREPROCESSOR_DEFINITIONS = (
					"DEBUG=1",
					"$(inherited)",
				);
				GCC_WARN_64_TO_32_BIT_CONVERSION = YES;
				GCC_WARN_ABOUT_RETURN_TYPE = YES_ERROR;
				GCC_WARN_UNDECLARED_SELECTOR = YES;
				GCC_WARN_UNINITIALIZED_AUTOS = YES_AGGRESSIVE;
				GCC_WARN_UNUSED_FUNCTION = YES;
				GCC_WARN_UNUSED_VARIABLE = YES;
				IPHONEOS_DEPLOYMENT_TARGET = 10.3;
				MTL_ENABLE_DEBUG_INFO = YES;
				ONLY_ACTIVE_ARCH = YES;
				SDKROOT = iphoneos;
				SWIFT_ACTIVE_COMPILATION_CONDITIONS = DEBUG;
				SWIFT_OPTIMIZATION_LEVEL = "-Onone";
				TARGETED_DEVICE_FAMILY = "1,2";
			};
			name = Debug;
		};
		53FE9C861EB0F610007D1717 /* Release */ = {
			isa = XCBuildConfiguration;
			buildSettings = {
				ALWAYS_SEARCH_USER_PATHS = NO;
				CLANG_ANALYZER_NONNULL = YES;
				CLANG_ANALYZER_NUMBER_OBJECT_CONVERSION = YES_AGGRESSIVE;
				CLANG_CXX_LANGUAGE_STANDARD = "gnu++0x";
				CLANG_CXX_LIBRARY = "libc++";
				CLANG_ENABLE_MODULES = YES;
				CLANG_ENABLE_OBJC_ARC = YES;
				CLANG_WARN_BOOL_CONVERSION = YES;
				CLANG_WARN_CONSTANT_CONVERSION = YES;
				CLANG_WARN_DIRECT_OBJC_ISA_USAGE = YES_ERROR;
				CLANG_WARN_DOCUMENTATION_COMMENTS = YES;
				CLANG_WARN_EMPTY_BODY = YES;
				CLANG_WARN_ENUM_CONVERSION = YES;
				CLANG_WARN_INFINITE_RECURSION = YES;
				CLANG_WARN_INT_CONVERSION = YES;
				CLANG_WARN_OBJC_ROOT_CLASS = YES_ERROR;
				CLANG_WARN_SUSPICIOUS_MOVE = YES;
				CLANG_WARN_UNREACHABLE_CODE = YES;
				CLANG_WARN__DUPLICATE_METHOD_MATCH = YES;
				"CODE_SIGN_IDENTITY[sdk=iphoneos*]" = "iPhone Developer";
				COPY_PHASE_STRIP = NO;
				DEBUG_INFORMATION_FORMAT = "dwarf-with-dsym";
				ENABLE_NS_ASSERTIONS = NO;
				ENABLE_STRICT_OBJC_MSGSEND = YES;
				GCC_C_LANGUAGE_STANDARD = gnu99;
				GCC_NO_COMMON_BLOCKS = YES;
				GCC_WARN_64_TO_32_BIT_CONVERSION = YES;
				GCC_WARN_ABOUT_RETURN_TYPE = YES_ERROR;
				GCC_WARN_UNDECLARED_SELECTOR = YES;
				GCC_WARN_UNINITIALIZED_AUTOS = YES_AGGRESSIVE;
				GCC_WARN_UNUSED_FUNCTION = YES;
				GCC_WARN_UNUSED_VARIABLE = YES;
				IPHONEOS_DEPLOYMENT_TARGET = 10.3;
				MTL_ENABLE_DEBUG_INFO = NO;
				SDKROOT = iphoneos;
				SWIFT_OPTIMIZATION_LEVEL = "-Owholemodule";
				TARGETED_DEVICE_FAMILY = "1,2";
				VALIDATE_PRODUCT = YES;
			};
			name = Release;
		};
		53FE9C881EB0F610007D1717 /* Debug */ = {
			isa = XCBuildConfiguration;
			buildSettings = {
				ASSETCATALOG_COMPILER_APPICON_NAME = AppIcon;
				DEVELOPMENT_TEAM = ZB75GK22MF;
				INFOPLIST_FILE = SwipeGestureDemo/Info.plist;
				LD_RUNPATH_SEARCH_PATHS = "$(inherited) @executable_path/Frameworks";
				PRODUCT_BUNDLE_IDENTIFIER = com.wetware.SwipeGestureDemo;
				PRODUCT_NAME = "$(TARGET_NAME)";
				SWIFT_VERSION = 3.0;
			};
			name = Debug;
		};
		53FE9C891EB0F610007D1717 /* Release */ = {
			isa = XCBuildConfiguration;
			buildSettings = {
				ASSETCATALOG_COMPILER_APPICON_NAME = AppIcon;
				DEVELOPMENT_TEAM = ZB75GK22MF;
				INFOPLIST_FILE = SwipeGestureDemo/Info.plist;
				LD_RUNPATH_SEARCH_PATHS = "$(inherited) @executable_path/Frameworks";
				PRODUCT_BUNDLE_IDENTIFIER = com.wetware.SwipeGestureDemo;
				PRODUCT_NAME = "$(TARGET_NAME)";
				SWIFT_VERSION = 3.0;
			};
			name = Release;
		};
/* End XCBuildConfiguration section */

/* Begin XCConfigurationList section */
		53FE9C701EB0F610007D1717 /* Build configuration list for PBXProject "SwipeGestureDemo" */ = {
			isa = XCConfigurationList;
			buildConfigurations = (
				53FE9C851EB0F610007D1717 /* Debug */,
				53FE9C861EB0F610007D1717 /* Release */,
			);
			defaultConfigurationIsVisible = 0;
			defaultConfigurationName = Release;
		};
		53FE9C871EB0F610007D1717 /* Build configuration list for PBXNativeTarget "SwipeGestureDemo" */ = {
			isa = XCConfigurationList;
			buildConfigurations = (
				53FE9C881EB0F610007D1717 /* Debug */,
				53FE9C891EB0F610007D1717 /* Release */,
			);
			defaultConfigurationIsVisible = 0;
		};
/* End XCConfigurationList section */
	};
	rootObject = 53FE9C6D1EB0F610007D1717 /* Project object */;
}
